
Microsoft Visual Studio Solution File, Format Version 12.00
# Visual Studio Version 17
VisualStudioVersion = 17.4.33213.308
MinimumVisualStudioVersion = 10.0.40219.1
Project("{FAE04EC0-301F-11D3-BF4B-00C04F79EFBC}") = "QuanLyThuVien_Demo", "QuanLyThuVien_Demo\QuanLyThuVien_Demo.csproj", "{42C70BF4-0A8E-41C0-BBEB-4D69677E0D9C}"
EndProject
Global
	GlobalSection(SolutionConfigurationPlatforms) = preSolution
		Debug|Any CPU = Debug|Any CPU
		Release|Any CPU = Release|Any CPU
	EndGlobalSection
	GlobalSection(ProjectConfigurationPlatforms) = postSolution
		{42C70BF4-0A8E-41C0-BBEB-4D69677E0D9C}.Debug|Any CPU.ActiveCfg = Debug|Any CPU
		{42C70BF4-0A8E-41C0-BBEB-4D69677E0D9C}.Debug|Any CPU.Build.0 = Debug|Any CPU
		{42C70BF4-0A8E-41C0-BBEB-4D69677E0D9C}.Release|Any CPU.ActiveCfg = Release|Any CPU
		{42C70BF4-0A8E-41C0-BBEB-4D69677E0D9C}.Release|Any CPU.Build.0 = Release|Any CPU
	EndGlobalSection
	GlobalSection(SolutionProperties) = preSolution
		HideSolutionNode = FALSE
	EndGlobalSection
	GlobalSection(ExtensibilityGlobals) = postSolution
		SolutionGuid = {27CDD7CF-7FC5-4053-90AD-8F4B430C0B6A}
	EndGlobalSection
EndGlobal
